
Microsoft Visual Studio Solution File, Format Version 12.00
# Visual Studio Version 17
VisualStudioVersion = 17.4.33122.133
MinimumVisualStudioVersion = 10.0.40219.1
Project("{FAE04EC0-301F-11D3-BF4B-00C04F79EFBC}") = "SantaRitaJoc", "SantaRitaJoc\SantaRitaJoc.csproj", "{B42C1CBF-4AD3-477F-93A3-53422922D71C}"
EndProject
Global
	GlobalSection(SolutionConfigurationPlatforms) = preSolution
		Debug|Any CPU = Debug|Any CPU
		Release|Any CPU = Release|Any CPU
	EndGlobalSection
	GlobalSection(ProjectConfigurationPlatforms) = postSolution
		{B42C1CBF-4AD3-477F-93A3-53422922D71C}.Debug|Any CPU.ActiveCfg = Debug|Any CPU
		{B42C1CBF-4AD3-477F-93A3-53422922D71C}.Debug|Any CPU.Build.0 = Debug|Any CPU
		{B42C1CBF-4AD3-477F-93A3-53422922D71C}.Release|Any CPU.ActiveCfg = Release|Any CPU
		{B42C1CBF-4AD3-477F-93A3-53422922D71C}.Release|Any CPU.Build.0 = Release|Any CPU
	EndGlobalSection
	GlobalSection(SolutionProperties) = preSolution
		HideSolutionNode = FALSE
	EndGlobalSection
	GlobalSection(ExtensibilityGlobals) = postSolution
		SolutionGuid = {18A115B0-86BF-4B7C-9A65-073AF87095E1}
	EndGlobalSection
EndGlobal
